
Microsoft Visual Studio Solution File, Format Version 12.00
# Visual Studio Version 17
VisualStudioVersion = 17.7.34003.232
MinimumVisualStudioVersion = 10.0.40219.1
Project("{9A19103F-16F7-4668-BE54-9A1E7A4F7556}") = "jugadores", "jugadores.csproj", "{2C598986-A229-47E9-A3C4-353421CE3AFA}"
EndProject
Global
	GlobalSection(SolutionConfigurationPlatforms) = preSolution
		Debug|Any CPU = Debug|Any CPU
		Release|Any CPU = Release|Any CPU
	EndGlobalSection
	GlobalSection(ProjectConfigurationPlatforms) = postSolution
		{2C598986-A229-47E9-A3C4-353421CE3AFA}.Debug|Any CPU.ActiveCfg = Debug|Any CPU
		{2C598986-A229-47E9-A3C4-353421CE3AFA}.Debug|Any CPU.Build.0 = Debug|Any CPU
		{2C598986-A229-47E9-A3C4-353421CE3AFA}.Release|Any CPU.ActiveCfg = Release|Any CPU
		{2C598986-A229-47E9-A3C4-353421CE3AFA}.Release|Any CPU.Build.0 = Release|Any CPU
	EndGlobalSection
	GlobalSection(SolutionProperties) = preSolution
		HideSolutionNode = FALSE
	EndGlobalSection
	GlobalSection(ExtensibilityGlobals) = postSolution
		SolutionGuid = {BC687929-EB2C-484D-BDA2-FA7D2F228CD5}
	EndGlobalSection
EndGlobal
